
Microsoft Visual Studio Solution File, Format Version 12.00
# Visual Studio 15
VisualStudioVersion = 15.0.27130.2026
MinimumVisualStudioVersion = 10.0.40219.1
Project("{FAE04EC0-301F-11D3-BF4B-00C04F79EFBC}") = "Test", "Test\Test.csproj", "{9114835B-ECDB-4C57-845F-4454F281C6E9}"
EndProject
Project("{FAE04EC0-301F-11D3-BF4B-00C04F79EFBC}") = "WebAPI", "WebAPI\WebAPI.csproj", "{68657E91-6750-407C-974B-73CCDDC95276}"
EndProject
Global
	GlobalSection(SolutionConfigurationPlatforms) = preSolution
		Debug|Any CPU = Debug|Any CPU
		Debug|ARM = Debug|ARM
		Debug|x64 = Debug|x64
		Debug|x86 = Debug|x86
		Release|Any CPU = Release|Any CPU
		Release|ARM = Release|ARM
		Release|x64 = Release|x64
		Release|x86 = Release|x86
	EndGlobalSection
	GlobalSection(ProjectConfigurationPlatforms) = postSolution
		{9114835B-ECDB-4C57-845F-4454F281C6E9}.Debug|Any CPU.ActiveCfg = Debug|x86
		{9114835B-ECDB-4C57-845F-4454F281C6E9}.Debug|ARM.ActiveCfg = Debug|ARM
		{9114835B-ECDB-4C57-845F-4454F281C6E9}.Debug|ARM.Build.0 = Debug|ARM
		{9114835B-ECDB-4C57-845F-4454F281C6E9}.Debug|ARM.Deploy.0 = Debug|ARM
		{9114835B-ECDB-4C57-845F-4454F281C6E9}.Debug|x64.ActiveCfg = Debug|x64
		{9114835B-ECDB-4C57-845F-4454F281C6E9}.Debug|x64.Build.0 = Debug|x64
		{9114835B-ECDB-4C57-845F-4454F281C6E9}.Debug|x64.Deploy.0 = Debug|x64
		{9114835B-ECDB-4C57-845F-4454F281C6E9}.Debug|x86.ActiveCfg = Debug|x86
		{9114835B-ECDB-4C57-845F-4454F281C6E9}.Debug|x86.Build.0 = Debug|x86
		{9114835B-ECDB-4C57-845F-4454F281C6E9}.Debug|x86.Deploy.0 = Debug|x86
		{9114835B-ECDB-4C57-845F-4454F281C6E9}.Release|Any CPU.ActiveCfg = Release|x86
		{9114835B-ECDB-4C57-845F-4454F281C6E9}.Release|ARM.ActiveCfg = Release|ARM
		{9114835B-ECDB-4C57-845F-4454F281C6E9}.Release|ARM.Build.0 = Release|ARM
		{9114835B-ECDB-4C57-845F-4454F281C6E9}.Release|ARM.Deploy.0 = Release|ARM
		{9114835B-ECDB-4C57-845F-4454F281C6E9}.Release|x64.ActiveCfg = Release|x64
		{9114835B-ECDB-4C57-845F-4454F281C6E9}.Release|x64.Build.0 = Release|x64
		{9114835B-ECDB-4C57-845F-4454F281C6E9}.Release|x64.Deploy.0 = Release|x64
		{9114835B-ECDB-4C57-845F-4454F281C6E9}.Release|x86.ActiveCfg = Release|x86
		{9114835B-ECDB-4C57-845F-4454F281C6E9}.Release|x86.Build.0 = Release|x86
		{9114835B-ECDB-4C57-845F-4454F281C6E9}.Release|x86.Deploy.0 = Release|x86
		{68657E91-6750-407C-974B-73CCDDC95276}.Debug|Any CPU.ActiveCfg = Debug|Any CPU
		{68657E91-6750-407C-974B-73CCDDC95276}.Debug|Any CPU.Build.0 = Debug|Any CPU
		{68657E91-6750-407C-974B-73CCDDC95276}.Debug|ARM.ActiveCfg = Debug|Any CPU
		{68657E91-6750-407C-974B-73CCDDC95276}.Debug|ARM.Build.0 = Debug|Any CPU
		{68657E91-6750-407C-974B-73CCDDC95276}.Debug|x64.ActiveCfg = Debug|Any CPU
		{68657E91-6750-407C-974B-73CCDDC95276}.Debug|x64.Build.0 = Debug|Any CPU
		{68657E91-6750-407C-974B-73CCDDC95276}.Debug|x86.ActiveCfg = Debug|Any CPU
		{68657E91-6750-407C-974B-73CCDDC95276}.Debug|x86.Build.0 = Debug|Any CPU
		{68657E91-6750-407C-974B-73CCDDC95276}.Release|Any CPU.ActiveCfg = Release|Any CPU
		{68657E91-6750-407C-974B-73CCDDC95276}.Release|Any CPU.Build.0 = Release|Any CPU
		{68657E91-6750-407C-974B-73CCDDC95276}.Release|ARM.ActiveCfg = Release|Any CPU
		{68657E91-6750-407C-974B-73CCDDC95276}.Release|ARM.Build.0 = Release|Any CPU
		{68657E91-6750-407C-974B-73CCDDC95276}.Release|x64.ActiveCfg = Release|Any CPU
		{68657E91-6750-407C-974B-73CCDDC95276}.Release|x64.Build.0 = Release|Any CPU
		{68657E91-6750-407C-974B-73CCDDC95276}.Release|x86.ActiveCfg = Release|Any CPU
		{68657E91-6750-407C-974B-73CCDDC95276}.Release|x86.Build.0 = Release|Any CPU
	EndGlobalSection
	GlobalSection(SolutionProperties) = preSolution
		HideSolutionNode = FALSE
	EndGlobalSection
	GlobalSection(ExtensibilityGlobals) = postSolution
		SolutionGuid = {BAB44E02-399A-4A49-A4D1-926E398F3CA1}
	EndGlobalSection
EndGlobal
