
Microsoft Visual Studio Solution File, Format Version 12.00
# Visual Studio 15
VisualStudioVersion = 15.0.27130.2020
MinimumVisualStudioVersion = 10.0.40219.1
Project("{FAE04EC0-301F-11D3-BF4B-00C04F79EFBC}") = "Oblig2", "Oblig2\Oblig2.csproj", "{36A6FB1A-D467-449F-8F85-8A2D52CCDF4B}"
EndProject
Project("{FAE04EC0-301F-11D3-BF4B-00C04F79EFBC}") = "SpaceObjects", "SpaceObjects\SpaceObjects.csproj", "{85222950-E62D-4A9B-A9D1-5618F82A3F52}"
EndProject
Global
	GlobalSection(SolutionConfigurationPlatforms) = preSolution
		Debug|Any CPU = Debug|Any CPU
		Release|Any CPU = Release|Any CPU
	EndGlobalSection
	GlobalSection(ProjectConfigurationPlatforms) = postSolution
		{36A6FB1A-D467-449F-8F85-8A2D52CCDF4B}.Debug|Any CPU.ActiveCfg = Debug|Any CPU
		{36A6FB1A-D467-449F-8F85-8A2D52CCDF4B}.Debug|Any CPU.Build.0 = Debug|Any CPU
		{36A6FB1A-D467-449F-8F85-8A2D52CCDF4B}.Release|Any CPU.ActiveCfg = Release|Any CPU
		{36A6FB1A-D467-449F-8F85-8A2D52CCDF4B}.Release|Any CPU.Build.0 = Release|Any CPU
		{85222950-E62D-4A9B-A9D1-5618F82A3F52}.Debug|Any CPU.ActiveCfg = Debug|Any CPU
		{85222950-E62D-4A9B-A9D1-5618F82A3F52}.Debug|Any CPU.Build.0 = Debug|Any CPU
		{85222950-E62D-4A9B-A9D1-5618F82A3F52}.Release|Any CPU.ActiveCfg = Release|Any CPU
		{85222950-E62D-4A9B-A9D1-5618F82A3F52}.Release|Any CPU.Build.0 = Release|Any CPU
	EndGlobalSection
	GlobalSection(SolutionProperties) = preSolution
		HideSolutionNode = FALSE
	EndGlobalSection
	GlobalSection(ExtensibilityGlobals) = postSolution
		SolutionGuid = {535F3EF5-7D54-47B4-B8AE-2C3DE44E3ED9}
	EndGlobalSection
EndGlobal
