
Microsoft Visual Studio Solution File, Format Version 12.00
# Visual Studio 15
VisualStudioVersion = 15.0.27130.2026
MinimumVisualStudioVersion = 10.0.40219.1
Project("{FAE04EC0-301F-11D3-BF4B-00C04F79EFBC}") = "SolarSystem", "SolarSystem\SolarSystem.csproj", "{D249A7F6-AD90-4967-B59C-543D51455F31}"
EndProject
Global
	GlobalSection(SolutionConfigurationPlatforms) = preSolution
		Debug|Any CPU = Debug|Any CPU
		Release|Any CPU = Release|Any CPU
	EndGlobalSection
	GlobalSection(ProjectConfigurationPlatforms) = postSolution
		{D249A7F6-AD90-4967-B59C-543D51455F31}.Debug|Any CPU.ActiveCfg = Debug|Any CPU
		{D249A7F6-AD90-4967-B59C-543D51455F31}.Debug|Any CPU.Build.0 = Debug|Any CPU
		{D249A7F6-AD90-4967-B59C-543D51455F31}.Release|Any CPU.ActiveCfg = Release|Any CPU
		{D249A7F6-AD90-4967-B59C-543D51455F31}.Release|Any CPU.Build.0 = Release|Any CPU
	EndGlobalSection
	GlobalSection(SolutionProperties) = preSolution
		HideSolutionNode = FALSE
	EndGlobalSection
	GlobalSection(ExtensibilityGlobals) = postSolution
		SolutionGuid = {B481B213-B3CE-4744-9923-017230D2CCE6}
	EndGlobalSection
EndGlobal
