
Microsoft Visual Studio Solution File, Format Version 12.00
# Visual Studio 15
VisualStudioVersion = 15.0.27130.2020
MinimumVisualStudioVersion = 10.0.40219.1
Project("{8BC9CEB8-8B4A-11D0-8D11-00A0C91BC942}") = "MemoryLeak", "MemoryLeak\MemoryLeak.vcxproj", "{878F65ED-1058-4491-8FF5-6BFC8D2440ED}"
EndProject
Global
	GlobalSection(SolutionConfigurationPlatforms) = preSolution
		Debug|Win32 = Debug|Win32
		Debug|x64 = Debug|x64
		Release|Win32 = Release|Win32
		Release|x64 = Release|x64
	EndGlobalSection
	GlobalSection(ProjectConfigurationPlatforms) = postSolution
		{878F65ED-1058-4491-8FF5-6BFC8D2440ED}.Debug|Win32.ActiveCfg = Debug|Win32
		{878F65ED-1058-4491-8FF5-6BFC8D2440ED}.Debug|Win32.Build.0 = Debug|Win32
		{878F65ED-1058-4491-8FF5-6BFC8D2440ED}.Debug|x64.ActiveCfg = Debug|x64
		{878F65ED-1058-4491-8FF5-6BFC8D2440ED}.Debug|x64.Build.0 = Debug|x64
		{878F65ED-1058-4491-8FF5-6BFC8D2440ED}.Release|Win32.ActiveCfg = Release|Win32
		{878F65ED-1058-4491-8FF5-6BFC8D2440ED}.Release|Win32.Build.0 = Release|Win32
		{878F65ED-1058-4491-8FF5-6BFC8D2440ED}.Release|x64.ActiveCfg = Release|x64
		{878F65ED-1058-4491-8FF5-6BFC8D2440ED}.Release|x64.Build.0 = Release|x64
	EndGlobalSection
	GlobalSection(SolutionProperties) = preSolution
		HideSolutionNode = FALSE
	EndGlobalSection
	GlobalSection(ExtensibilityGlobals) = postSolution
		SolutionGuid = {B3449589-D731-4A68-9188-AB9C6F744907}
	EndGlobalSection
EndGlobal
